
Microsoft Visual Studio Solution File, Format Version 12.00
# Visual Studio Version 16
VisualStudioVersion = 16.0.30128.74
MinimumVisualStudioVersion = 10.0.40219.1
Project("{FAE04EC0-301F-11D3-BF4B-00C04F79EFBC}") = "StockMarket.AccountAPI", "StockMarket.AccountAPI\StockMarket.AccountAPI.csproj", "{4222440C-984C-404B-BC9E-FFDF279EFCB6}"
EndProject
Project("{FAE04EC0-301F-11D3-BF4B-00C04F79EFBC}") = "StockMarket.AdminAPI", "StockMarket.AdminAPI\StockMarket.AdminAPI.csproj", "{16085FFE-D110-4118-84C5-32D19668D636}"
EndProject
Project("{FAE04EC0-301F-11D3-BF4B-00C04F79EFBC}") = "StockMarket.UserAPI", "StockMarket.UserAPI\StockMarket.UserAPI.csproj", "{07157740-9465-46CE-8313-9A4C12C8CCC1}"
EndProject
Project("{FAE04EC0-301F-11D3-BF4B-00C04F79EFBC}") = "StockMarket.ExcelAPI", "StockMarket.ExcelAPI\StockMarket.ExcelAPI.csproj", "{ECB00069-BD5B-4B27-ADC2-C74907336A4B}"
EndProject
Project("{FAE04EC0-301F-11D3-BF4B-00C04F79EFBC}") = "StockMarket.Gateway", "StockMarket.Gateway\StockMarket.Gateway.csproj", "{5B174678-9442-4752-B931-D2588056F297}"
EndProject
Global
	GlobalSection(SolutionConfigurationPlatforms) = preSolution
		Debug|Any CPU = Debug|Any CPU
		Release|Any CPU = Release|Any CPU
	EndGlobalSection
	GlobalSection(ProjectConfigurationPlatforms) = postSolution
		{4222440C-984C-404B-BC9E-FFDF279EFCB6}.Debug|Any CPU.ActiveCfg = Debug|Any CPU
		{4222440C-984C-404B-BC9E-FFDF279EFCB6}.Debug|Any CPU.Build.0 = Debug|Any CPU
		{4222440C-984C-404B-BC9E-FFDF279EFCB6}.Release|Any CPU.ActiveCfg = Release|Any CPU
		{4222440C-984C-404B-BC9E-FFDF279EFCB6}.Release|Any CPU.Build.0 = Release|Any CPU
		{16085FFE-D110-4118-84C5-32D19668D636}.Debug|Any CPU.ActiveCfg = Debug|Any CPU
		{16085FFE-D110-4118-84C5-32D19668D636}.Debug|Any CPU.Build.0 = Debug|Any CPU
		{16085FFE-D110-4118-84C5-32D19668D636}.Release|Any CPU.ActiveCfg = Release|Any CPU
		{16085FFE-D110-4118-84C5-32D19668D636}.Release|Any CPU.Build.0 = Release|Any CPU
		{07157740-9465-46CE-8313-9A4C12C8CCC1}.Debug|Any CPU.ActiveCfg = Debug|Any CPU
		{07157740-9465-46CE-8313-9A4C12C8CCC1}.Debug|Any CPU.Build.0 = Debug|Any CPU
		{07157740-9465-46CE-8313-9A4C12C8CCC1}.Release|Any CPU.ActiveCfg = Release|Any CPU
		{07157740-9465-46CE-8313-9A4C12C8CCC1}.Release|Any CPU.Build.0 = Release|Any CPU
		{ECB00069-BD5B-4B27-ADC2-C74907336A4B}.Debug|Any CPU.ActiveCfg = Debug|Any CPU
		{ECB00069-BD5B-4B27-ADC2-C74907336A4B}.Debug|Any CPU.Build.0 = Debug|Any CPU
		{ECB00069-BD5B-4B27-ADC2-C74907336A4B}.Release|Any CPU.ActiveCfg = Release|Any CPU
		{ECB00069-BD5B-4B27-ADC2-C74907336A4B}.Release|Any CPU.Build.0 = Release|Any CPU
		{5B174678-9442-4752-B931-D2588056F297}.Debug|Any CPU.ActiveCfg = Debug|Any CPU
		{5B174678-9442-4752-B931-D2588056F297}.Debug|Any CPU.Build.0 = Debug|Any CPU
		{5B174678-9442-4752-B931-D2588056F297}.Release|Any CPU.ActiveCfg = Release|Any CPU
		{5B174678-9442-4752-B931-D2588056F297}.Release|Any CPU.Build.0 = Release|Any CPU
	EndGlobalSection
	GlobalSection(SolutionProperties) = preSolution
		HideSolutionNode = FALSE
	EndGlobalSection
	GlobalSection(ExtensibilityGlobals) = postSolution
		SolutionGuid = {82E8D1F6-D82D-45A2-91D1-5897EA0E4DC5}
	EndGlobalSection
EndGlobal
